
Microsoft Visual Studio Solution File, Format Version 12.00
# Visual Studio 15
VisualStudioVersion = 15.0.27004.2010
MinimumVisualStudioVersion = 10.0.40219.1
Project("{FAE04EC0-301F-11D3-BF4B-00C04F79EFBC}") = "ReactHandsOn", "ReactHandsOn\ReactHandsOn.csproj", "{B12DB3A5-8043-4827-BACC-CA362387A6C3}"
EndProject
Global
	GlobalSection(SolutionConfigurationPlatforms) = preSolution
		Debug|Any CPU = Debug|Any CPU
		Release|Any CPU = Release|Any CPU
	EndGlobalSection
	GlobalSection(ProjectConfigurationPlatforms) = postSolution
		{B12DB3A5-8043-4827-BACC-CA362387A6C3}.Debug|Any CPU.ActiveCfg = Debug|Any CPU
		{B12DB3A5-8043-4827-BACC-CA362387A6C3}.Debug|Any CPU.Build.0 = Debug|Any CPU
		{B12DB3A5-8043-4827-BACC-CA362387A6C3}.Release|Any CPU.ActiveCfg = Release|Any CPU
		{B12DB3A5-8043-4827-BACC-CA362387A6C3}.Release|Any CPU.Build.0 = Release|Any CPU
	EndGlobalSection
	GlobalSection(SolutionProperties) = preSolution
		HideSolutionNode = FALSE
	EndGlobalSection
	GlobalSection(ExtensibilityGlobals) = postSolution
		SolutionGuid = {5886DFD8-2C1F-44BE-8253-BA46D322819E}
	EndGlobalSection
EndGlobal
